
Microsoft Visual Studio Solution File, Format Version 12.00
# Visual Studio Version 16
VisualStudioVersion = 16.0.29215.179
MinimumVisualStudioVersion = 10.0.40219.1
Project("{9A19103F-16F7-4668-BE54-9A1E7A4F7556}") = "Troydon-Resume-Online(NET Core)", "Troydon-Resume-Online(NET Core)\Troydon-Resume-Online(NET Core).csproj", "{FF1D4A98-A23E-40E7-866C-445CE0EB7BD3}"
EndProject
Global
	GlobalSection(SolutionConfigurationPlatforms) = preSolution
		Debug|Any CPU = Debug|Any CPU
		Release|Any CPU = Release|Any CPU
	EndGlobalSection
	GlobalSection(ProjectConfigurationPlatforms) = postSolution
		{FF1D4A98-A23E-40E7-866C-445CE0EB7BD3}.Debug|Any CPU.ActiveCfg = Debug|Any CPU
		{FF1D4A98-A23E-40E7-866C-445CE0EB7BD3}.Debug|Any CPU.Build.0 = Debug|Any CPU
		{FF1D4A98-A23E-40E7-866C-445CE0EB7BD3}.Release|Any CPU.ActiveCfg = Release|Any CPU
		{FF1D4A98-A23E-40E7-866C-445CE0EB7BD3}.Release|Any CPU.Build.0 = Release|Any CPU
	EndGlobalSection
	GlobalSection(SolutionProperties) = preSolution
		HideSolutionNode = FALSE
	EndGlobalSection
	GlobalSection(ExtensibilityGlobals) = postSolution
		SolutionGuid = {8703B7B0-C03A-4E72-9B7C-C02EBC1C293C}
	EndGlobalSection
EndGlobal
